hash: 39e69eff8c350a2724e2fc5a07e6c795dda3dbce7d02d93d8b5915dc3f334890
updated: 2016-02-13T13:13:39.524112691-06:00
imports:
- name: github.com/andygrunwald/go-jira
  version: 38d3b84d1629c9b543876bb0a467a4df8428ace2
  repo: https://github.com/andygrunwald/go-jira
- name: github.com/google/go-querystring
  version: 2a60fc2ba6c19de80291203597d752e9ba58e4c0
  repo: https://github.com/google/go-querystring
  subpackages:
  - query
- name: github.com/kelseyhightower/envconfig
  version: 12c18e8343f6eb5fc3a9d5c8dc353e42e6bb40b9
  repo: https://github.com/kelseyhightower/envconfig
- name: github.com/mrjones/oauth
  version: fdd43ab9ffd4adbedbecf59a0ec6a7e0d3ef3970
  repo: https://github.com/mrjones/oauth
- name: github.com/nlopes/slack
  version: fecd1dd0008dcb1a01e18b900b1abd4fd4e79177
  repo: https://github.com/nlopes/slack
- name: golang.org/x/crypto
  version: 1f22c0103821b9390939b6776727195525381532
- name: golang.org/x/net
  version: 2e9cee70ee697e0a2ef894b560dda50dec7dff58
  repo: https://go.googlesource.com/net
  subpackages:
  - websocket
- name: golang.org/x/text
  version: 07b9a78963006a15c538ec5175243979025fa7a8
devImports: []
