hash: 7fea95c0055aed383faf5ee656cf23de29cb789ba59a06288997c53b76a1c6c0
updated: 2016-02-13T21:25:14.519667279-06:00
imports:
- name: github.com/dimfeld/go-jira
  version: cc418daa758730391f04474ebd4ebc2c08e9e283
- name: github.com/google/go-querystring
  version: 2a60fc2ba6c19de80291203597d752e9ba58e4c0
  repo: https://github.com/google/go-querystring
  subpackages:
  - query
- name: github.com/kelseyhightower/envconfig
  version: 12c18e8343f6eb5fc3a9d5c8dc353e42e6bb40b9
  repo: https://github.com/kelseyhightower/envconfig
- name: github.com/mrjones/oauth
  version: fdd43ab9ffd4adbedbecf59a0ec6a7e0d3ef3970
  repo: https://github.com/mrjones/oauth
- name: github.com/nlopes/slack
  version: a6a2e430fd2e1bc1f91c0fd538e5c2d0c898f5dc
- name: golang.org/x/crypto
  version: 1f22c0103821b9390939b6776727195525381532
- name: golang.org/x/net
  version: 2e9cee70ee697e0a2ef894b560dda50dec7dff58
  repo: https://go.googlesource.com/net
  subpackages:
  - websocket
- name: golang.org/x/text
  version: 07b9a78963006a15c538ec5175243979025fa7a8
devImports: []
