hash: 6df79829b4bd742bfc817b6284aa7eac35f431bdf69cd789dbb451cf9f4ea44b
updated: 2016-03-28T22:17:52.220068767-05:00
imports:
- name: github.com/andygrunwald/go-jira
  version: d41b1618b8cc81ead62f4277b7dfaf05fd3ab592
- name: github.com/google/go-querystring
  version: 2a60fc2ba6c19de80291203597d752e9ba58e4c0
  repo: https://github.com/google/go-querystring
  subpackages:
  - query
- name: github.com/kelseyhightower/envconfig
  version: 12c18e8343f6eb5fc3a9d5c8dc353e42e6bb40b9
  repo: https://github.com/kelseyhightower/envconfig
- name: github.com/mrjones/oauth
  version: fdd43ab9ffd4adbedbecf59a0ec6a7e0d3ef3970
  repo: https://github.com/mrjones/oauth
- name: github.com/nlopes/slack
  version: 5e8064e706a2cb3d2581c1298d9428db2c0984fa
- name: github.com/spacemonkeygo/spacelog
  version: ae95ccc1eb0c8ce2496c43177430efd61930f7e4
- name: golang.org/x/net
  version: 2e9cee70ee697e0a2ef894b560dda50dec7dff58
  repo: https://go.googlesource.com/net
  subpackages:
  - websocket
  - context
devImports: []
